{
  "version": 3,
  "targets": {
    "net8.0-windows7.0": {
      "BCnEncoder.Net/2.3.0": {
        "type": "package",
        "dependencies": {
          "CommunityToolkit.HighPerformance": "8.4.0"
        },
        "compile": {
          "lib/netstandard2.1/BCnEncoder.dll": {
            "related": ".xml"
          }
        },
        "runtime": {
          "lib/netstandard2.1/BCnEncoder.dll": {
            "related": ".xml"
          }
        }
      },
      "CommunityToolkit.HighPerformance/8.4.0": {
        "type": "package",
        "compile": {
          "lib/net8.0/CommunityToolkit.HighPerformance.dll": {
            "related": ".pdb;.xml"
          }
        },
        "runtime": {
          "lib/net8.0/CommunityToolkit.HighPerformance.dll": {
            "related": ".pdb;.xml"
          }
        }
      },
      "MessagePack/3.1.4": {
        "type": "package",
        "dependencies": {
          "MessagePack.Annotations": "3.1.4",
          "MessagePackAnalyzer": "3.1.4",
          "Microsoft.NET.StringTools": "17.11.4"
        },
        "compile": {
          "lib/net8.0/MessagePack.dll": {
            "related": ".xml"
          }
        },
        "runtime": {
          "lib/net8.0/MessagePack.dll": {
            "related": ".xml"
          }
        }
      },
      "MessagePack.Annotations/3.1.4": {
        "type": "package",
        "compile": {
          "lib/netstandard2.0/MessagePack.Annotations.dll": {
            "related": ".xml"
          }
        },
        "runtime": {
          "lib/netstandard2.0/MessagePack.Annotations.dll": {
            "related": ".xml"
          }
        }
      },
      "MessagePackAnalyzer/3.1.4": {
        "type": "package",
        "build": {
          "build/MessagePackAnalyzer.targets": {}
        }
      },
      "Microsoft.NET.StringTools/17.11.4": {
        "type": "package",
        "compile": {
          "ref/net8.0/_._": {
            "related": ".xml"
          }
        },
        "runtime": {
          "lib/net8.0/Microsoft.NET.StringTools.dll": {
            "related": ".pdb;.xml"
          }
        }
      },
      "WriteableBitmapEx/1.6.8": {
        "type": "package",
        "compile": {
          "lib/netcoreapp3.0/WriteableBitmapEx.Wpf.dll": {
            "related": ".deps.json;.pdb"
          }
        },
        "runtime": {
          "lib/netcoreapp3.0/WriteableBitmapEx.Wpf.dll": {
            "related": ".deps.json;.pdb"
          }
        }
      },
      "DDSLib/1.0.0": {
        "type": "project",
        "framework": ".NETCoreApp,Version=v8.0",
        "dependencies": {
          "BCnEncoder.Net": "2.3.0",
          "WriteableBitmapEx": "1.6.8"
        },
        "compile": {
          "bin/placeholder/DDSLib.dll": {}
        },
        "runtime": {
          "bin/placeholder/DDSLib.dll": {}
        },
        "frameworkReferences": [
          "Microsoft.WindowsDesktop.App.WPF"
        ]
      }
    }
  },
  "libraries": {
    "BCnEncoder.Net/2.3.0": {
      "sha512": "DJhHJiBJKXUXxlkkrv74ckzJb3wYxqIAZHjXD9G76kpsD0YyJOmqtNufHWEuJe0eH0tB1tCZn80/3JV2UVP7yQ==",
      "type": "package",
      "path": "bcnencoder.net/2.3.0",
      "files": [
        ".nupkg.metadata",
        ".signature.p7s",
        "bcnencoder.net.2.3.0.nupkg.sha512",
        "bcnencoder.net.nuspec",
        "lib/netstandard2.0/BCnEncoder.dll",
        "lib/netstandard2.0/BCnEncoder.xml",
        "lib/netstandard2.1/BCnEncoder.dll",
        "lib/netstandard2.1/BCnEncoder.xml"
      ]
    },
    "CommunityToolkit.HighPerformance/8.4.0": {
      "sha512": "flxspiBs0G/0GMp7IK2J2ijV9bTG6hEwFc/z6ekHqB6nwRJ4Ry2yLdx+TkbCUYFCl4XhABkAwomeKbT6zM2Zlg==",
      "type": "package",
      "path": "communitytoolkit.highperformance/8.4.0",
      "files": [
        ".nupkg.metadata",
        ".signature.p7s",
        "Icon.png",
        "License.md",
        "ThirdPartyNotices.txt",
        "communitytoolkit.highperformance.8.4.0.nupkg.sha512",
        "communitytoolkit.highperformance.nuspec",
        "lib/net7.0/CommunityToolkit.HighPerformance.dll",
        "lib/net7.0/CommunityToolkit.HighPerformance.pdb",
        "lib/net7.0/CommunityToolkit.HighPerformance.xml",
        "lib/net8.0/CommunityToolkit.HighPerformance.dll",
        "lib/net8.0/CommunityToolkit.HighPerformance.pdb",
        "lib/net8.0/CommunityToolkit.HighPerformance.xml",
        "lib/netstandard2.0/CommunityToolkit.HighPerformance.dll",
        "lib/netstandard2.0/CommunityToolkit.HighPerformance.pdb",
        "lib/netstandard2.0/CommunityToolkit.HighPerformance.xml",
        "lib/netstandard2.1/CommunityToolkit.HighPerformance.dll",
        "lib/netstandard2.1/CommunityToolkit.HighPerformance.pdb",
        "lib/netstandard2.1/CommunityToolkit.HighPerformance.xml"
      ]
    },
    "MessagePack/3.1.4": {
      "sha512": "BH0wlHWmVoZpbAPyyt2Awbq30C+ZsS3eHSkYdnyUAbqVJ22fAJDzn2xTieBeoT5QlcBzp61vHcv878YJGfi3mg==",
      "type": "package",
      "path": "messagepack/3.1.4",
      "files": [
        ".nupkg.metadata",
        ".signature.p7s",
        "lib/net472/MessagePack.dll",
        "lib/net472/MessagePack.xml",
        "lib/net8.0/MessagePack.dll",
        "lib/net8.0/MessagePack.xml",
        "lib/net9.0/MessagePack.dll",
        "lib/net9.0/MessagePack.xml",
        "lib/netstandard2.0/MessagePack.dll",
        "lib/netstandard2.0/MessagePack.xml",
        "lib/netstandard2.1/MessagePack.dll",
        "lib/netstandard2.1/MessagePack.xml",
        "messagepack.3.1.4.nupkg.sha512",
        "messagepack.nuspec"
      ]
    },
    "MessagePack.Annotations/3.1.4": {
      "sha512": "aVWrDAkCdqxwQsz/q0ldPh2EFn48M99YUzE9OvZjMq2RNLKz4o2z88iGFvSvbMqOWRweRvKPHBJZe22PRqzslQ==",
      "type": "package",
      "path": "messagepack.annotations/3.1.4",
      "files": [
        ".nupkg.metadata",
        ".signature.p7s",
        "lib/netstandard2.0/MessagePack.Annotations.dll",
        "lib/netstandard2.0/MessagePack.Annotations.xml",
        "messagepack.annotations.3.1.4.nupkg.sha512",
        "messagepack.annotations.nuspec"
      ]
    },
    "MessagePackAnalyzer/3.1.4": {
      "sha512": "CTaSsN/liJ7MhLCAB7Z4ZLBNuVGCq9lt2BT/cbrc9vzGv89yK3CqIA+z9T19a11eQYl9etZHL6MQJgCqECRVpg==",
      "type": "package",
      "path": "messagepackanalyzer/3.1.4",
      "files": [
        ".nupkg.metadata",
        ".signature.p7s",
        "analyzers/roslyn4.3/cs/MessagePack.Analyzers.CodeFixes.dll",
        "analyzers/roslyn4.3/cs/MessagePack.SourceGenerator.dll",
        "build/MessagePackAnalyzer.targets",
        "messagepackanalyzer.3.1.4.nupkg.sha512",
        "messagepackanalyzer.nuspec"
      ]
    },
    "Microsoft.NET.StringTools/17.11.4": {
      "sha512": "mudqUHhNpeqIdJoUx2YDWZO/I9uEDYVowan89R6wsomfnUJQk6HteoQTlNjZDixhT2B4IXMkMtgZtoceIjLRmA==",
      "type": "package",
      "path": "microsoft.net.stringtools/17.11.4",
      "files": [
        ".nupkg.metadata",
        ".signature.p7s",
        "MSBuild-NuGet-Icon.png",
        "README.md",
        "lib/net472/Microsoft.NET.StringTools.dll",
        "lib/net472/Microsoft.NET.StringTools.pdb",
        "lib/net472/Microsoft.NET.StringTools.xml",
        "lib/net8.0/Microsoft.NET.StringTools.dll",
        "lib/net8.0/Microsoft.NET.StringTools.pdb",
        "lib/net8.0/Microsoft.NET.StringTools.xml",
        "lib/netstandard2.0/Microsoft.NET.StringTools.dll",
        "lib/netstandard2.0/Microsoft.NET.StringTools.pdb",
        "lib/netstandard2.0/Microsoft.NET.StringTools.xml",
        "microsoft.net.stringtools.17.11.4.nupkg.sha512",
        "microsoft.net.stringtools.nuspec",
        "notices/THIRDPARTYNOTICES.txt",
        "ref/net472/Microsoft.NET.StringTools.dll",
        "ref/net472/Microsoft.NET.StringTools.xml",
        "ref/net8.0/Microsoft.NET.StringTools.dll",
        "ref/net8.0/Microsoft.NET.StringTools.xml",
        "ref/netstandard2.0/Microsoft.NET.StringTools.dll",
        "ref/netstandard2.0/Microsoft.NET.StringTools.xml"
      ]
    },
    "WriteableBitmapEx/1.6.8": {
      "sha512": "DmMeRt3Zr+xu21U9uY9baniMlX86nSKRBoUvFXZilsk553Him37OX04nE2ctJtPHONbVD/iB1dsIfQx+r1LH0Q==",
      "type": "package",
      "path": "writeablebitmapex/1.6.8",
      "files": [
        ".nupkg.metadata",
        ".signature.p7s",
        "lib/NetCore45/WriteableBitmapEx.WinRT.dll",
        "lib/NetCore45/WriteableBitmapEx.WinRT.pdb",
        "lib/NetCore45/WriteableBitmapEx.WinRT.xml",
        "lib/WindowsPhone8/WriteableBitmapExWinPhone.XML",
        "lib/WindowsPhone8/WriteableBitmapExWinPhone.dll",
        "lib/WindowsPhone8/WriteableBitmapExWinPhone.pdb",
        "lib/WindowsPhone8/WriteableBitmapExWinPhoneXnaDependant.XML",
        "lib/WindowsPhone8/WriteableBitmapExWinPhoneXnaDependant.dll",
        "lib/WindowsPhone8/WriteableBitmapExWinPhoneXnaDependant.pdb",
        "lib/net40/WriteableBitmapEx.Wpf.dll",
        "lib/net40/WriteableBitmapEx.Wpf.pdb",
        "lib/net40/WriteableBitmapEx.Wpf.xml",
        "lib/netcoreapp3.0/WriteableBitmapEx.Wpf.deps.json",
        "lib/netcoreapp3.0/WriteableBitmapEx.Wpf.dll",
        "lib/netcoreapp3.0/WriteableBitmapEx.Wpf.pdb",
        "lib/sl4-wp71/WriteableBitmapExWinPhone.XML",
        "lib/sl4-wp71/WriteableBitmapExWinPhone.dll",
        "lib/sl4-wp71/WriteableBitmapExWinPhone.pdb",
        "lib/sl4-wp71/WriteableBitmapExWinPhoneXnaDependant.XML",
        "lib/sl4-wp71/WriteableBitmapExWinPhoneXnaDependant.dll",
        "lib/sl4-wp71/WriteableBitmapExWinPhoneXnaDependant.pdb",
        "lib/sl4/WriteableBitmapEx.XML",
        "lib/sl4/WriteableBitmapEx.dll",
        "lib/sl4/WriteableBitmapEx.pdb",
        "lib/uap/WriteableBitmapEx.Uwp.XML",
        "lib/uap/WriteableBitmapEx.Uwp.dll",
        "lib/uap/WriteableBitmapEx.Uwp.pdb",
        "lib/uap/WriteableBitmapEx.Uwp.pri",
        "lib/wpa81/WriteableBitmapEx.WinRT.dll",
        "lib/wpa81/WriteableBitmapEx.WinRT.pdb",
        "lib/wpa81/WriteableBitmapEx.WinRT.xml",
        "writeablebitmapex.1.6.8.nupkg.sha512",
        "writeablebitmapex.nuspec"
      ]
    },
    "DDSLib/1.0.0": {
      "type": "project",
      "path": "../DDSLib/DDSLib.csproj",
      "msbuildProject": "../DDSLib/DDSLib.csproj"
    }
  },
  "projectFileDependencyGroups": {
    "net8.0-windows7.0": [
      "DDSLib >= 1.0.0",
      "MessagePack >= 3.1.4"
    ]
  },
  "packageFolders": {
    "C:\\Users\\TruSkillzzRuns\\.nuget\\packages": {},
    "C:\\Program Files (x86)\\Microsoft Visual Studio\\Shared\\NuGetPackages": {}
  },
  "project": {
    "version": "1.0.0",
    "restore": {
      "projectUniqueName": "C:\\Users\\TruSkillzzRuns\\Desktop\\OmegaAssetStudio-main\\UpkManager\\UpkManager.csproj",
      "projectName": "UpkManager",
      "projectPath": "C:\\Users\\TruSkillzzRuns\\Desktop\\OmegaAssetStudio-main\\UpkManager\\UpkManager.csproj",
      "packagesPath": "C:\\Users\\TruSkillzzRuns\\.nuget\\packages",
      "outputPath": "C:\\Users\\TruSkillzzRuns\\Desktop\\OmegaAssetStudio-main\\UpkManager\\buildobj_probe\\",
      "projectStyle": "PackageReference",
      "fallbackFolders": [
        "C:\\Program Files (x86)\\Microsoft Visual Studio\\Shared\\NuGetPackages"
      ],
      "configFilePaths": [
        "C:\\Users\\TruSkillzzRuns\\AppData\\Roaming\\NuGet\\NuGet.Config",
        "C:\\Program Files (x86)\\NuGet\\Config\\Microsoft.VisualStudio.FallbackLocation.config",
        "C:\\Program Files (x86)\\NuGet\\Config\\Microsoft.VisualStudio.Offline.config"
      ],
      "originalTargetFrameworks": [
        "net8.0-windows"
      ],
      "sources": {
        "C:\\Program Files (x86)\\Microsoft SDKs\\NuGetPackages\\": {},
        "C:\\Program Files\\dotnet\\library-packs": {},
        "https://api.nuget.org/v3/index.json": {}
      },
      "frameworks": {
        "net8.0-windows7.0": {
          "targetAlias": "net8.0-windows",
          "projectReferences": {
            "C:\\Users\\TruSkillzzRuns\\Desktop\\OmegaAssetStudio-main\\DDSLib\\DDSLib.csproj": {
              "projectPath": "C:\\Users\\TruSkillzzRuns\\Desktop\\OmegaAssetStudio-main\\DDSLib\\DDSLib.csproj"
            }
          }
        }
      },
      "warningProperties": {
        "noWarn": [
          "NU1900"
        ],
        "warnAsError": [
          "NU1605"
        ]
      },
      "restoreAuditProperties": {
        "enableAudit": "true",
        "auditLevel": "low",
        "auditMode": "direct"
      }
    },
    "frameworks": {
      "net8.0-windows7.0": {
        "targetAlias": "net8.0-windows",
        "dependencies": {
          "MessagePack": {
            "target": "Package",
            "version": "[3.1.4, )"
          }
        },
        "imports": [
          "net461",
          "net462",
          "net47",
          "net471",
          "net472",
          "net48",
          "net481"
        ],
        "assetTargetFallback": true,
        "warn": true,
        "frameworkReferences": {
          "Microsoft.NETCore.App": {
            "privateAssets": "all"
          }
        },
        "runtimeIdentifierGraphPath": "C:\\Program Files\\dotnet\\sdk\\8.0.419/PortableRuntimeIdentifierGraph.json"
      }
    }
  }
}